# THIS IS AN AUTOGENERATED FILE. DO NOT EDIT THIS FILE DIRECTLY.
# yarn lockfile v1


jquery@^3.5.1, jquery@^3.6.1:
  version "3.6.1"
  resolved "https://registry.yarnpkg.com/jquery/-/jquery-3.6.1.tgz#fab0408f8b45fc19f956205773b62b292c147a16"
  integrity sha512-opJeO4nCucVnsjiXOE+/PcCgYw9Gwpvs/a6B1LL/lQhwWwpbVEVYDZ1FokFr8PRc7ghYlrFPuyHuiiDNTQxmcw==

paroller.js@^1.4.7:
  version "1.4.7"
  resolved "https://registry.yarnpkg.com/paroller.js/-/paroller.js-1.4.7.tgz#a99000fd1746b1854cc6d34814c40b2820f18a64"
  integrity sha512-2CLG2nMOemB1TlgN8E2LBzGT8XgRlkkFk9MSp32kLRgxE1zOydpuLNfMwNdjENXEZPQcFKP3txzxoUPoGcuscQ==
  dependencies:
    jquery "^3.5.1"

simple-parallax-js@^5.6.2:
  version "5.6.2"
  resolved "https://registry.npmjs.org/simple-parallax-js/-/simple-parallax-js-5.6.2.tgz"
  integrity sha512-qJPZgg37BstDyvNqONU1YffiJ9P5n4B9IPl5h3kzZ2oEinTRwy1syxfEwTMLXYFHAFCRWXUcWD8yBnVcp8nxdA==
